
Microsoft Visual Studio Solution File, Format Version 12.00
# Visual Studio Version 16
VisualStudioVersion = 16.0.31019.35
MinimumVisualStudioVersion = 10.0.40219.1
Project("{9A19103F-16F7-4668-BE54-9A1E7A4F7556}") = "ExcelCreate", "ExcelCreate\ExcelCreate.csproj", "{6F85DE5A-8EF9-4E8F-AB80-B6E37D21DB83}"
EndProject
Project("{9A19103F-16F7-4668-BE54-9A1E7A4F7556}") = "Common", "Common\Common.csproj", "{C51A4348-68DB-4C90-B813-4BAA99EA412E}"
EndProject
Project("{FAE04EC0-301F-11D3-BF4B-00C04F79EFBC}") = "FileCreateWorkerService", "FileCreateWorkerService\FileCreateWorkerService.csproj", "{9B99BD6E-2141-4508-98A6-9CE2199FE7DD}"
EndProject
Global
	GlobalSection(SolutionConfigurationPlatforms) = preSolution
		Debug|Any CPU = Debug|Any CPU
		Release|Any CPU = Release|Any CPU
	EndGlobalSection
	GlobalSection(ProjectConfigurationPlatforms) = postSolution
		{6F85DE5A-8EF9-4E8F-AB80-B6E37D21DB83}.Debug|Any CPU.ActiveCfg = Debug|Any CPU
		{6F85DE5A-8EF9-4E8F-AB80-B6E37D21DB83}.Debug|Any CPU.Build.0 = Debug|Any CPU
		{6F85DE5A-8EF9-4E8F-AB80-B6E37D21DB83}.Release|Any CPU.ActiveCfg = Release|Any CPU
		{6F85DE5A-8EF9-4E8F-AB80-B6E37D21DB83}.Release|Any CPU.Build.0 = Release|Any CPU
		{C51A4348-68DB-4C90-B813-4BAA99EA412E}.Debug|Any CPU.ActiveCfg = Debug|Any CPU
		{C51A4348-68DB-4C90-B813-4BAA99EA412E}.Debug|Any CPU.Build.0 = Debug|Any CPU
		{C51A4348-68DB-4C90-B813-4BAA99EA412E}.Release|Any CPU.ActiveCfg = Release|Any CPU
		{C51A4348-68DB-4C90-B813-4BAA99EA412E}.Release|Any CPU.Build.0 = Release|Any CPU
		{9B99BD6E-2141-4508-98A6-9CE2199FE7DD}.Debug|Any CPU.ActiveCfg = Debug|Any CPU
		{9B99BD6E-2141-4508-98A6-9CE2199FE7DD}.Debug|Any CPU.Build.0 = Debug|Any CPU
		{9B99BD6E-2141-4508-98A6-9CE2199FE7DD}.Release|Any CPU.ActiveCfg = Release|Any CPU
		{9B99BD6E-2141-4508-98A6-9CE2199FE7DD}.Release|Any CPU.Build.0 = Release|Any CPU
	EndGlobalSection
	GlobalSection(SolutionProperties) = preSolution
		HideSolutionNode = FALSE
	EndGlobalSection
	GlobalSection(ExtensibilityGlobals) = postSolution
		SolutionGuid = {D5A5E5A4-0F79-47E6-9FB9-A7EFC4549B97}
	EndGlobalSection
EndGlobal
